
Microsoft Visual Studio Solution File, Format Version 12.00
# Visual Studio Version 16
VisualStudioVersion = 16.0.31424.327
MinimumVisualStudioVersion = 10.0.40219.1
Project("{9A19103F-16F7-4668-BE54-9A1E7A4F7556}") = "Plastic", "src\Plastic\Plastic.csproj", "{26191015-0B7C-4993-BD6A-12BF0A0B4C9F}"
EndProject
Project("{2150E333-8FDC-42A3-9474-1A3956D46DE8}") = "Tests", "Tests", "{85685B9C-565B-434E-AFBB-7C8A544C4664}"
EndProject
Project("{9A19103F-16F7-4668-BE54-9A1E7A4F7556}") = "Plastic.UnitTests", "tests\Plastic.UnitTests\Plastic.UnitTests.csproj", "{48D60773-07FD-48E0-9CE5-D5B0E7A3AB66}"
EndProject
Project("{2150E333-8FDC-42A3-9474-1A3956D46DE8}") = "Solution Items", "Solution Items", "{1614931B-62BB-4BB9-A8F8-1BB92F2A13FD}"
	ProjectSection(SolutionItems) = preProject
		.editorconfig = .editorconfig
		.github\workflows\github_actions.yml = .github\workflows\github_actions.yml
		readme.md = readme.md
	EndProjectSection
EndProject
Project("{9A19103F-16F7-4668-BE54-9A1E7A4F7556}") = "Plastic.UnitTests.Internal", "tests\Plastic.UnitTests.Internal\Plastic.UnitTests.Internal.csproj", "{1DCACB9A-C4BD-4EDC-8834-0987139A25BA}"
EndProject
Global
	GlobalSection(SolutionConfigurationPlatforms) = preSolution
		Debug|Any CPU = Debug|Any CPU
		Release|Any CPU = Release|Any CPU
	EndGlobalSection
	GlobalSection(ProjectConfigurationPlatforms) = postSolution
		{26191015-0B7C-4993-BD6A-12BF0A0B4C9F}.Debug|Any CPU.ActiveCfg = Debug|Any CPU
		{26191015-0B7C-4993-BD6A-12BF0A0B4C9F}.Debug|Any CPU.Build.0 = Debug|Any CPU
		{26191015-0B7C-4993-BD6A-12BF0A0B4C9F}.Release|Any CPU.ActiveCfg = Release|Any CPU
		{26191015-0B7C-4993-BD6A-12BF0A0B4C9F}.Release|Any CPU.Build.0 = Release|Any CPU
		{48D60773-07FD-48E0-9CE5-D5B0E7A3AB66}.Debug|Any CPU.ActiveCfg = Debug|Any CPU
		{48D60773-07FD-48E0-9CE5-D5B0E7A3AB66}.Debug|Any CPU.Build.0 = Debug|Any CPU
		{48D60773-07FD-48E0-9CE5-D5B0E7A3AB66}.Release|Any CPU.ActiveCfg = Release|Any CPU
		{48D60773-07FD-48E0-9CE5-D5B0E7A3AB66}.Release|Any CPU.Build.0 = Release|Any CPU
		{1DCACB9A-C4BD-4EDC-8834-0987139A25BA}.Debug|Any CPU.ActiveCfg = Debug|Any CPU
		{1DCACB9A-C4BD-4EDC-8834-0987139A25BA}.Debug|Any CPU.Build.0 = Debug|Any CPU
		{1DCACB9A-C4BD-4EDC-8834-0987139A25BA}.Release|Any CPU.ActiveCfg = Release|Any CPU
		{1DCACB9A-C4BD-4EDC-8834-0987139A25BA}.Release|Any CPU.Build.0 = Release|Any CPU
	EndGlobalSection
	GlobalSection(SolutionProperties) = preSolution
		HideSolutionNode = FALSE
	EndGlobalSection
	GlobalSection(NestedProjects) = preSolution
		{48D60773-07FD-48E0-9CE5-D5B0E7A3AB66} = {85685B9C-565B-434E-AFBB-7C8A544C4664}
		{1DCACB9A-C4BD-4EDC-8834-0987139A25BA} = {85685B9C-565B-434E-AFBB-7C8A544C4664}
	EndGlobalSection
	GlobalSection(ExtensibilityGlobals) = postSolution
		SolutionGuid = {CFCDD942-938E-4FDC-A90C-2766D419F61E}
	EndGlobalSection
EndGlobal
